<Solution>
  <Project Path="DllNetwork/DllNetwork.csproj" />
  <Project Path="DllSocket.Test/DllSocket.Test.csproj" Id="e3f318a5-fdf9-4087-be7e-55e9c56bcd4c" />
  <Project Path="DllSocket/DllSocket.csproj" Id="0d950387-53f6-4ad3-877a-d232eb9cdb31" />
  <Project Path="NetworkTest/NetworkTest.csproj" Id="5481435e-8aaf-4636-a930-404e91d4fd22" />
</Solution>
